<Solution>
  <Configurations>
    <Platform Name="x64" />
    <Platform Name="x86" />
  </Configurations>
  <Project Path="../SDK-2025-03-07/foobar2000/foobar2000_component_client/foobar2000_component_client.vcxproj" Id="71ad2674-065b-48f5-b8b0-e1f9d3892081" />
  <Project Path="../SDK-2025-03-07/foobar2000/SDK/foobar2000_SDK.vcxproj" Id="e8091321-d79d-4575-86ef-064ea1a4a20d" />
  <Project Path="../SDK-2025-03-07/pfc/pfc.vcxproj" Id="ebfffb4e-261d-44d3-b89c-957b31a0bf9c" />
  <Project Path="foo_input_nwa.vcxproj" Id="8d9fb9cf-4546-4d8e-95aa-467b050bf996" />
</Solution>
